// !$*UTF8*$!
{
	archiveVersion = 1;
	classes = {
	};
	objectVersion = 50;
	objects = {

/* Begin PBXBuildFile section */
		5273E81426BDE3D500BB15A4 /* main.cpp in Sources */ = {isa = PBXBuildFile; fileRef = 5273E81326BDE3D500BB15A4 /* main.cpp */; };
		5273E83826BF179D00BB15A4 /* EntityTestSuite.cpp in Sources */ = {isa = PBXBuildFile; fileRef = 5273E83626BF179D00BB15A4 /* EntityTestSuite.cpp */; };
		52997BCF26C80980004008D3 /* UUIDHasher.cpp in Sources */ = {isa = PBXBuildFile; fileRef = 52997BCD26C80980004008D3 /* UUIDHasher.cpp */; };
		52997BE226C82CBF004008D3 /* ComponentManager.cpp in Sources */ = {isa = PBXBuildFile; fileRef = 52997BE026C82CBF004008D3 /* ComponentManager.cpp */; };
/* End PBXBuildFile section */

/* Begin PBXCopyFilesBuildPhase section */
		5273E80E26BDE3D500BB15A4 /* CopyFiles */ = {
			isa = PBXCopyFilesBuildPhase;
			buildActionMask = 2147483647;
			dstPath = /usr/share/man/man1/;
			dstSubfolderSpec = 0;
			files = (
			);
			runOnlyForDeploymentPostprocessing = 1;
		};
/* End PBXCopyFilesBuildPhase section */

/* Begin PBXFileReference section */
		5273E81026BDE3D500BB15A4 /* ECS */ = {isa = PBXFileReference; explicitFileType = "compiled.mach-o.executable"; includeInIndex = 0; path = ECS; sourceTree = BUILT_PRODUCTS_DIR; };
		5273E81326BDE3D500BB15A4 /* main.cpp */ = {isa = PBXFileReference; lastKnownFileType = sourcecode.cpp.cpp; path = main.cpp; sourceTree = "<group>"; };
		5273E82226BDED5A00BB15A4 /* TypeIDGenerator.hpp */ = {isa = PBXFileReference; lastKnownFileType = sourcecode.cpp.h; path = TypeIDGenerator.hpp; sourceTree = "<group>"; };
		5273E82826BDF15300BB15A4 /* IEntity.hpp */ = {isa = PBXFileReference; lastKnownFileType = sourcecode.cpp.h; path = IEntity.hpp; sourceTree = "<group>"; };
		5273E82D26BDF48000BB15A4 /* Entity.hpp */ = {isa = PBXFileReference; lastKnownFileType = sourcecode.cpp.h; path = Entity.hpp; sourceTree = "<group>"; };
		5273E83126BDF67D00BB15A4 /* Defs.hpp */ = {isa = PBXFileReference; lastKnownFileType = sourcecode.cpp.h; path = Defs.hpp; sourceTree = "<group>"; };
		5273E83626BF179D00BB15A4 /* EntityTestSuite.cpp */ = {isa = PBXFileReference; lastKnownFileType = sourcecode.cpp.cpp; path = EntityTestSuite.cpp; sourceTree = "<group>"; };
		5273E83726BF179D00BB15A4 /* EntityTestSuite.hpp */ = {isa = PBXFileReference; lastKnownFileType = sourcecode.cpp.h; path = EntityTestSuite.hpp; sourceTree = "<group>"; };
		52997BC926C7C896004008D3 /* EntityManager.hpp */ = {isa = PBXFileReference; lastKnownFileType = sourcecode.cpp.h; path = EntityManager.hpp; sourceTree = "<group>"; };
		52997BCD26C80980004008D3 /* UUIDHasher.cpp */ = {isa = PBXFileReference; lastKnownFileType = sourcecode.cpp.cpp; path = UUIDHasher.cpp; sourceTree = "<group>"; };
		52997BCE26C80980004008D3 /* UUIDHasher.hpp */ = {isa = PBXFileReference; lastKnownFileType = sourcecode.cpp.h; path = UUIDHasher.hpp; sourceTree = "<group>"; };
		52997BD626C81BEC004008D3 /* IComponent.hpp */ = {isa = PBXFileReference; lastKnownFileType = sourcecode.cpp.h; path = IComponent.hpp; sourceTree = "<group>"; };
		52997BDB26C81E51004008D3 /* Component.hpp */ = {isa = PBXFileReference; lastKnownFileType = sourcecode.cpp.h; path = Component.hpp; sourceTree = "<group>"; };
		52997BE026C82CBF004008D3 /* ComponentManager.cpp */ = {isa = PBXFileReference; lastKnownFileType = sourcecode.cpp.cpp; path = ComponentManager.cpp; sourceTree = "<group>"; };
		52997BE126C82CBF004008D3 /* ComponentManager.hpp */ = {isa = PBXFileReference; lastKnownFileType = sourcecode.cpp.h; path = ComponentManager.hpp; sourceTree = "<group>"; };
		52997BEB26C854AD004008D3 /* IEntityManagerObserver.hpp */ = {isa = PBXFileReference; lastKnownFileType = sourcecode.cpp.h; path = IEntityManagerObserver.hpp; sourceTree = "<group>"; };
/* End PBXFileReference section */

/* Begin PBXFrameworksBuildPhase section */
		5273E80D26BDE3D500BB15A4 /* Frameworks */ = {
			isa = PBXFrameworksBuildPhase;
			buildActionMask = 2147483647;
			files = (
			);
			runOnlyForDeploymentPostprocessing = 0;
		};
/* End PBXFrameworksBuildPhase section */

/* Begin PBXGroup section */
		5273E80726BDE3D500BB15A4 = {
			isa = PBXGroup;
			children = (
				5273E81226BDE3D500BB15A4 /* ECS */,
				5273E81126BDE3D500BB15A4 /* Products */,
			);
			sourceTree = "<group>";
		};
		5273E81126BDE3D500BB15A4 /* Products */ = {
			isa = PBXGroup;
			children = (
				5273E81026BDE3D500BB15A4 /* ECS */,
			);
			name = Products;
			sourceTree = "<group>";
		};
		5273E81226BDE3D500BB15A4 /* ECS */ = {
			isa = PBXGroup;
			children = (
				5273E83526BF177200BB15A4 /* Tests */,
				5273E81F26BDECF300BB15A4 /* Utils */,
				5273E81326BDE3D500BB15A4 /* main.cpp */,
				5273E83126BDF67D00BB15A4 /* Defs.hpp */,
				5273E82826BDF15300BB15A4 /* IEntity.hpp */,
				52997BE126C82CBF004008D3 /* ComponentManager.hpp */,
				52997BE026C82CBF004008D3 /* ComponentManager.cpp */,
				5273E82D26BDF48000BB15A4 /* Entity.hpp */,
				52997BEB26C854AD004008D3 /* IEntityManagerObserver.hpp */,
				52997BC926C7C896004008D3 /* EntityManager.hpp */,
				52997BD626C81BEC004008D3 /* IComponent.hpp */,
				52997BDB26C81E51004008D3 /* Component.hpp */,
			);
			path = ECS;
			sourceTree = "<group>";
		};
		5273E81F26BDECF300BB15A4 /* Utils */ = {
			isa = PBXGroup;
			children = (
				5273E82226BDED5A00BB15A4 /* TypeIDGenerator.hpp */,
				52997BCD26C80980004008D3 /* UUIDHasher.cpp */,
				52997BCE26C80980004008D3 /* UUIDHasher.hpp */,
			);
			path = Utils;
			sourceTree = "<group>";
		};
		5273E83526BF177200BB15A4 /* Tests */ = {
			isa = PBXGroup;
			children = (
				5273E83626BF179D00BB15A4 /* EntityTestSuite.cpp */,
				5273E83726BF179D00BB15A4 /* EntityTestSuite.hpp */,
			);
			path = Tests;
			sourceTree = "<group>";
		};
/* End PBXGroup section */

/* Begin PBXNativeTarget section */
		5273E80F26BDE3D500BB15A4 /* ECS */ = {
			isa = PBXNativeTarget;
			buildConfigurationList = 5273E81726BDE3D500BB15A4 /* Build configuration list for PBXNativeTarget "ECS" */;
			buildPhases = (
				5273E80C26BDE3D500BB15A4 /* Sources */,
				5273E80D26BDE3D500BB15A4 /* Frameworks */,
				5273E80E26BDE3D500BB15A4 /* CopyFiles */,
			);
			buildRules = (
			);
			dependencies = (
			);
			name = ECS;
			productName = ECS;
			productReference = 5273E81026BDE3D500BB15A4 /* ECS */;
			productType = "com.apple.product-type.tool";
		};
/* End PBXNativeTarget section */

/* Begin PBXProject section */
		5273E80826BDE3D500BB15A4 /* Project object */ = {
			isa = PBXProject;
			attributes = {
				LastUpgradeCheck = 1200;
				TargetAttributes = {
					5273E80F26BDE3D500BB15A4 = {
						CreatedOnToolsVersion = 12.0;
					};
				};
			};
			buildConfigurationList = 5273E80B26BDE3D500BB15A4 /* Build configuration list for PBXProject "ECS" */;
			compatibilityVersion = "Xcode 9.3";
			developmentRegion = en;
			hasScannedForEncodings = 0;
			knownRegions = (
				en,
				Base,
			);
			mainGroup = 5273E80726BDE3D500BB15A4;
			productRefGroup = 5273E81126BDE3D500BB15A4 /* Products */;
			projectDirPath = "";
			projectRoot = "";
			targets = (
				5273E80F26BDE3D500BB15A4 /* ECS */,
			);
		};
/* End PBXProject section */

/* Begin PBXSourcesBuildPhase section */
		5273E80C26BDE3D500BB15A4 /* Sources */ = {
			isa = PBXSourcesBuildPhase;
			buildActionMask = 2147483647;
			files = (
				52997BCF26C80980004008D3 /* UUIDHasher.cpp in Sources */,
				5273E83826BF179D00BB15A4 /* EntityTestSuite.cpp in Sources */,
				5273E81426BDE3D500BB15A4 /* main.cpp in Sources */,
				52997BE226C82CBF004008D3 /* ComponentManager.cpp in Sources */,
			);
			runOnlyForDeploymentPostprocessing = 0;
		};
/* End PBXSourcesBuildPhase section */

/* Begin XCBuildConfiguration section */
		5273E81526BDE3D500BB15A4 /* Debug */ = {
			isa = XCBuildConfiguration;
			buildSettings = {
				ALWAYS_SEARCH_USER_PATHS = NO;
				CLANG_ANALYZER_NONNULL = YES;
				CLANG_ANALYZER_NUMBER_OBJECT_CONVERSION = YES_AGGRESSIVE;
				CLANG_CXX_LANGUAGE_STANDARD = "gnu++14";
				CLANG_CXX_LIBRARY = "libc++";
				CLANG_ENABLE_MODULES = YES;
				CLANG_ENABLE_OBJC_ARC = YES;
				CLANG_ENABLE_OBJC_WEAK = YES;
				CLANG_WARN_BLOCK_CAPTURE_AUTORELEASING = YES;
				CLANG_WARN_BOOL_CONVERSION = YES;
				CLANG_WARN_COMMA = YES;
				CLANG_WARN_CONSTANT_CONVERSION = YES;
				CLANG_WARN_DEPRECATED_OBJC_IMPLEMENTATIONS = YES;
				CLANG_WARN_DIRECT_OBJC_ISA_USAGE = YES_ERROR;
				CLANG_WARN_DOCUMENTATION_COMMENTS = YES;
				CLANG_WARN_EMPTY_BODY = YES;
				CLANG_WARN_ENUM_CONVERSION = YES;
				CLANG_WARN_INFINITE_RECURSION = YES;
				CLANG_WARN_INT_CONVERSION = YES;
				CLANG_WARN_NON_LITERAL_NULL_CONVERSION = YES;
				CLANG_WARN_OBJC_IMPLICIT_RETAIN_SELF = YES;
				CLANG_WARN_OBJC_LITERAL_CONVERSION = YES;
				CLANG_WARN_OBJC_ROOT_CLASS = YES_ERROR;
				CLANG_WARN_QUOTED_INCLUDE_IN_FRAMEWORK_HEADER = YES;
				CLANG_WARN_RANGE_LOOP_ANALYSIS = YES;
				CLANG_WARN_STRICT_PROTOTYPES = YES;
				CLANG_WARN_SUSPICIOUS_MOVE = YES;
				CLANG_WARN_UNGUARDED_AVAILABILITY = YES_AGGRESSIVE;
				CLANG_WARN_UNREACHABLE_CODE = YES;
				CLANG_WARN__DUPLICATE_METHOD_MATCH = YES;
				COPY_PHASE_STRIP = NO;
				DEBUG_INFORMATION_FORMAT = dwarf;
				ENABLE_STRICT_OBJC_MSGSEND = YES;
				ENABLE_TESTABILITY = YES;
				GCC_C_LANGUAGE_STANDARD = gnu11;
				GCC_DYNAMIC_NO_PIC = NO;
				GCC_NO_COMMON_BLOCKS = YES;
				GCC_OPTIMIZATION_LEVEL = 0;
				GCC_PREPROCESSOR_DEFINITIONS = (
					"DEBUG=1",
					"$(inherited)",
				);
				GCC_WARN_64_TO_32_BIT_CONVERSION = YES;
				GCC_WARN_ABOUT_RETURN_TYPE = YES_ERROR;
				GCC_WARN_UNDECLARED_SELECTOR = YES;
				GCC_WARN_UNINITIALIZED_AUTOS = YES_AGGRESSIVE;
				GCC_WARN_UNUSED_FUNCTION = YES;
				GCC_WARN_UNUSED_VARIABLE = YES;
				MACOSX_DEPLOYMENT_TARGET = 10.15;
				MTL_ENABLE_DEBUG_INFO = INCLUDE_SOURCE;
				MTL_FAST_MATH = YES;
				ONLY_ACTIVE_ARCH = YES;
				SDKROOT = macosx;
			};
			name = Debug;
		};
		5273E81626BDE3D500BB15A4 /* Release */ = {
			isa = XCBuildConfiguration;
			buildSettings = {
				ALWAYS_SEARCH_USER_PATHS = NO;
				CLANG_ANALYZER_NONNULL = YES;
				CLANG_ANALYZER_NUMBER_OBJECT_CONVERSION = YES_AGGRESSIVE;
				CLANG_CXX_LANGUAGE_STANDARD = "gnu++14";
				CLANG_CXX_LIBRARY = "libc++";
				CLANG_ENABLE_MODULES = YES;
				CLANG_ENABLE_OBJC_ARC = YES;
				CLANG_ENABLE_OBJC_WEAK = YES;
				CLANG_WARN_BLOCK_CAPTURE_AUTORELEASING = YES;
				CLANG_WARN_BOOL_CONVERSION = YES;
				CLANG_WARN_COMMA = YES;
				CLANG_WARN_CONSTANT_CONVERSION = YES;
				CLANG_WARN_DEPRECATED_OBJC_IMPLEMENTATIONS = YES;
				CLANG_WARN_DIRECT_OBJC_ISA_USAGE = YES_ERROR;
				CLANG_WARN_DOCUMENTATION_COMMENTS = YES;
				CLANG_WARN_EMPTY_BODY = YES;
				CLANG_WARN_ENUM_CONVERSION = YES;
				CLANG_WARN_INFINITE_RECURSION = YES;
				CLANG_WARN_INT_CONVERSION = YES;
				CLANG_WARN_NON_LITERAL_NULL_CONVERSION = YES;
				CLANG_WARN_OBJC_IMPLICIT_RETAIN_SELF = YES;
				CLANG_WARN_OBJC_LITERAL_CONVERSION = YES;
				CLANG_WARN_OBJC_ROOT_CLASS = YES_ERROR;
				CLANG_WARN_QUOTED_INCLUDE_IN_FRAMEWORK_HEADER = YES;
				CLANG_WARN_RANGE_LOOP_ANALYSIS = YES;
				CLANG_WARN_STRICT_PROTOTYPES = YES;
				CLANG_WARN_SUSPICIOUS_MOVE = YES;
				CLANG_WARN_UNGUARDED_AVAILABILITY = YES_AGGRESSIVE;
				CLANG_WARN_UNREACHABLE_CODE = YES;
				CLANG_WARN__DUPLICATE_METHOD_MATCH = YES;
				COPY_PHASE_STRIP = NO;
				DEBUG_INFORMATION_FORMAT = "dwarf-with-dsym";
				ENABLE_NS_ASSERTIONS = NO;
				ENABLE_STRICT_OBJC_MSGSEND = YES;
				GCC_C_LANGUAGE_STANDARD = gnu11;
				GCC_NO_COMMON_BLOCKS = YES;
				GCC_WARN_64_TO_32_BIT_CONVERSION = YES;
				GCC_WARN_ABOUT_RETURN_TYPE = YES_ERROR;
				GCC_WARN_UNDECLARED_SELECTOR = YES;
				GCC_WARN_UNINITIALIZED_AUTOS = YES_AGGRESSIVE;
				GCC_WARN_UNUSED_FUNCTION = YES;
				GCC_WARN_UNUSED_VARIABLE = YES;
				MACOSX_DEPLOYMENT_TARGET = 10.15;
				MTL_ENABLE_DEBUG_INFO = NO;
				MTL_FAST_MATH = YES;
				SDKROOT = macosx;
			};
			name = Release;
		};
		5273E81826BDE3D500BB15A4 /* Debug */ = {
			isa = XCBuildConfiguration;
			buildSettings = {
				CODE_SIGN_STYLE = Automatic;
				HEADER_SEARCH_PATHS = "/Users/maxim.tytskiy/Documents/Projects/3rd-parties/Boost_1.73.0/include/";
				PRODUCT_NAME = "$(TARGET_NAME)";
			};
			name = Debug;
		};
		5273E81926BDE3D500BB15A4 /* Release */ = {
			isa = XCBuildConfiguration;
			buildSettings = {
				CODE_SIGN_STYLE = Automatic;
				HEADER_SEARCH_PATHS = "/Users/maxim.tytskiy/Documents/Projects/3rd-parties/Boost_1.73.0/include/";
				PRODUCT_NAME = "$(TARGET_NAME)";
			};
			name = Release;
		};
/* End XCBuildConfiguration section */

/* Begin XCConfigurationList section */
		5273E80B26BDE3D500BB15A4 /* Build configuration list for PBXProject "ECS" */ = {
			isa = XCConfigurationList;
			buildConfigurations = (
				5273E81526BDE3D500BB15A4 /* Debug */,
				5273E81626BDE3D500BB15A4 /* Release */,
			);
			defaultConfigurationIsVisible = 0;
			defaultConfigurationName = Release;
		};
		5273E81726BDE3D500BB15A4 /* Build configuration list for PBXNativeTarget "ECS" */ = {
			isa = XCConfigurationList;
			buildConfigurations = (
				5273E81826BDE3D500BB15A4 /* Debug */,
				5273E81926BDE3D500BB15A4 /* Release */,
			);
			defaultConfigurationIsVisible = 0;
			defaultConfigurationName = Release;
		};
/* End XCConfigurationList section */
	};
	rootObject = 5273E80826BDE3D500BB15A4 /* Project object */;
}
